
Microsoft Visual Studio Solution File, Format Version 12.00
# Visual Studio Version 17
VisualStudioVersion = 17.13.35919.96
MinimumVisualStudioVersion = 10.0.40219.1
Project("{2150E333-8FDC-42A3-9474-1A3956D46DE8}") = "Services", "Services", "{02EA681E-C7D8-13C7-8484-4AC65E1B71E8}"
EndProject
Project("{2150E333-8FDC-42A3-9474-1A3956D46DE8}") = "WebApps", "WebApps", "{E3486E49-4E8D-4786-81D8-E8F959CB55EC}"
EndProject
Project("{2150E333-8FDC-42A3-9474-1A3956D46DE8}") = "Aluno", "Aluno", "{163D39A7-3650-4DF3-8A1B-7EA568A00360}"
EndProject
Project("{2150E333-8FDC-42A3-9474-1A3956D46DE8}") = "Financeiro", "Financeiro", "{FE87AE96-5184-47A7-B953-324210F87115}"
EndProject
Project("{FAE04EC0-301F-11D3-BF4B-00C04F79EFBC}") = "PlataformaEducacional.Aluno.Domain", "src\PlataformaEducacional.Aluno.Domain\PlataformaEducacional.Aluno.Domain.csproj", "{8AB77212-070C-4142-A97A-B76ACC630A4B}"
EndProject
Project("{FAE04EC0-301F-11D3-BF4B-00C04F79EFBC}") = "PlataformaEducacional.Financeiro.Domain", "src\PlataformaEducacional.Financeiro.Domain\PlataformaEducacional.Financeiro.Domain.csproj", "{642826F9-0AE6-4C1F-8E41-3F44688BDE30}"
EndProject
Project("{2150E333-8FDC-42A3-9474-1A3956D46DE8}") = "Core", "Core", "{8C8A7032-E9CC-4291-98B1-22BD9D7BB469}"
EndProject
Project("{FAE04EC0-301F-11D3-BF4B-00C04F79EFBC}") = "PlataformaEducacional.Core", "src\PlataformaEducacional.Core\PlataformaEducacional.Core.csproj", "{62E2A667-7021-4E66-992A-FE48C29C639C}"
EndProject
Project("{2150E333-8FDC-42A3-9474-1A3956D46DE8}") = "Conteudo", "Conteudo", "{4C6241B8-5BF5-4075-8AC5-2171810D62A2}"
EndProject
Project("{FAE04EC0-301F-11D3-BF4B-00C04F79EFBC}") = "PlataformaEducacional.Conteudo.Domain", "src\PlataformaEducacional.Curso.Domain\PlataformaEducacional.Conteudo.Domain.csproj", "{75D28CF4-0802-4690-B28A-426C669DE8C9}"
EndProject
Project("{FAE04EC0-301F-11D3-BF4B-00C04F79EFBC}") = "PlataformaEducacional.Conteudo.Data", "src\PlataformaEducacional.Curso.Data\PlataformaEducacional.Conteudo.Data.csproj", "{B29E4B7C-52C6-4E0B-BCB7-DA80A4785BF7}"
EndProject
Project("{FAE04EC0-301F-11D3-BF4B-00C04F79EFBC}") = "PlataformaEducacional.Aluno.Data", "src\PlataformaEducacional.Aluno.Data\PlataformaEducacional.Aluno.Data.csproj", "{0F5322A9-D42A-47AC-987D-B6B8EA464637}"
EndProject
Project("{FAE04EC0-301F-11D3-BF4B-00C04F79EFBC}") = "PlataformaEducacional.Financeiro.Data", "src\PlataformaEducacional.Financeiro.Data\PlataformaEducacional.Financeiro.Data.csproj", "{832218E6-C0D8-4E1F-8535-E8AD93645CBC}"
EndProject
Global
	GlobalSection(SolutionConfigurationPlatforms) = preSolution
		Debug|Any CPU = Debug|Any CPU
		Release|Any CPU = Release|Any CPU
	EndGlobalSection
	GlobalSection(ProjectConfigurationPlatforms) = postSolution
		{8AB77212-070C-4142-A97A-B76ACC630A4B}.Debug|Any CPU.ActiveCfg = Debug|Any CPU
		{8AB77212-070C-4142-A97A-B76ACC630A4B}.Debug|Any CPU.Build.0 = Debug|Any CPU
		{8AB77212-070C-4142-A97A-B76ACC630A4B}.Release|Any CPU.ActiveCfg = Release|Any CPU
		{8AB77212-070C-4142-A97A-B76ACC630A4B}.Release|Any CPU.Build.0 = Release|Any CPU
		{642826F9-0AE6-4C1F-8E41-3F44688BDE30}.Debug|Any CPU.ActiveCfg = Debug|Any CPU
		{642826F9-0AE6-4C1F-8E41-3F44688BDE30}.Debug|Any CPU.Build.0 = Debug|Any CPU
		{642826F9-0AE6-4C1F-8E41-3F44688BDE30}.Release|Any CPU.ActiveCfg = Release|Any CPU
		{642826F9-0AE6-4C1F-8E41-3F44688BDE30}.Release|Any CPU.Build.0 = Release|Any CPU
		{62E2A667-7021-4E66-992A-FE48C29C639C}.Debug|Any CPU.ActiveCfg = Debug|Any CPU
		{62E2A667-7021-4E66-992A-FE48C29C639C}.Debug|Any CPU.Build.0 = Debug|Any CPU
		{62E2A667-7021-4E66-992A-FE48C29C639C}.Release|Any CPU.ActiveCfg = Release|Any CPU
		{62E2A667-7021-4E66-992A-FE48C29C639C}.Release|Any CPU.Build.0 = Release|Any CPU
		{75D28CF4-0802-4690-B28A-426C669DE8C9}.Debug|Any CPU.ActiveCfg = Debug|Any CPU
		{75D28CF4-0802-4690-B28A-426C669DE8C9}.Debug|Any CPU.Build.0 = Debug|Any CPU
		{75D28CF4-0802-4690-B28A-426C669DE8C9}.Release|Any CPU.ActiveCfg = Release|Any CPU
		{75D28CF4-0802-4690-B28A-426C669DE8C9}.Release|Any CPU.Build.0 = Release|Any CPU
		{B29E4B7C-52C6-4E0B-BCB7-DA80A4785BF7}.Debug|Any CPU.ActiveCfg = Debug|Any CPU
		{B29E4B7C-52C6-4E0B-BCB7-DA80A4785BF7}.Debug|Any CPU.Build.0 = Debug|Any CPU
		{B29E4B7C-52C6-4E0B-BCB7-DA80A4785BF7}.Release|Any CPU.ActiveCfg = Release|Any CPU
		{B29E4B7C-52C6-4E0B-BCB7-DA80A4785BF7}.Release|Any CPU.Build.0 = Release|Any CPU
		{0F5322A9-D42A-47AC-987D-B6B8EA464637}.Debug|Any CPU.ActiveCfg = Debug|Any CPU
		{0F5322A9-D42A-47AC-987D-B6B8EA464637}.Debug|Any CPU.Build.0 = Debug|Any CPU
		{0F5322A9-D42A-47AC-987D-B6B8EA464637}.Release|Any CPU.ActiveCfg = Release|Any CPU
		{0F5322A9-D42A-47AC-987D-B6B8EA464637}.Release|Any CPU.Build.0 = Release|Any CPU
		{832218E6-C0D8-4E1F-8535-E8AD93645CBC}.Debug|Any CPU.ActiveCfg = Debug|Any CPU
		{832218E6-C0D8-4E1F-8535-E8AD93645CBC}.Debug|Any CPU.Build.0 = Debug|Any CPU
		{832218E6-C0D8-4E1F-8535-E8AD93645CBC}.Release|Any CPU.ActiveCfg = Release|Any CPU
		{832218E6-C0D8-4E1F-8535-E8AD93645CBC}.Release|Any CPU.Build.0 = Release|Any CPU
	EndGlobalSection
	GlobalSection(SolutionProperties) = preSolution
		HideSolutionNode = FALSE
	EndGlobalSection
	GlobalSection(NestedProjects) = preSolution
		{163D39A7-3650-4DF3-8A1B-7EA568A00360} = {02EA681E-C7D8-13C7-8484-4AC65E1B71E8}
		{FE87AE96-5184-47A7-B953-324210F87115} = {02EA681E-C7D8-13C7-8484-4AC65E1B71E8}
		{8AB77212-070C-4142-A97A-B76ACC630A4B} = {163D39A7-3650-4DF3-8A1B-7EA568A00360}
		{642826F9-0AE6-4C1F-8E41-3F44688BDE30} = {FE87AE96-5184-47A7-B953-324210F87115}
		{8C8A7032-E9CC-4291-98B1-22BD9D7BB469} = {02EA681E-C7D8-13C7-8484-4AC65E1B71E8}
		{62E2A667-7021-4E66-992A-FE48C29C639C} = {8C8A7032-E9CC-4291-98B1-22BD9D7BB469}
		{4C6241B8-5BF5-4075-8AC5-2171810D62A2} = {02EA681E-C7D8-13C7-8484-4AC65E1B71E8}
		{75D28CF4-0802-4690-B28A-426C669DE8C9} = {4C6241B8-5BF5-4075-8AC5-2171810D62A2}
		{B29E4B7C-52C6-4E0B-BCB7-DA80A4785BF7} = {4C6241B8-5BF5-4075-8AC5-2171810D62A2}
		{0F5322A9-D42A-47AC-987D-B6B8EA464637} = {163D39A7-3650-4DF3-8A1B-7EA568A00360}
		{832218E6-C0D8-4E1F-8535-E8AD93645CBC} = {FE87AE96-5184-47A7-B953-324210F87115}
	EndGlobalSection
	GlobalSection(ExtensibilityGlobals) = postSolution
		SolutionGuid = {C9C53623-F85D-486E-8073-C2A8762CBAAA}
	EndGlobalSection
EndGlobal
